
Microsoft Visual Studio Solution File, Format Version 12.00
# Visual Studio 2013
VisualStudioVersion = 12.0.31101.0
MinimumVisualStudioVersion = 10.0.40219.1
Project("{2150E333-8FDC-42A3-9474-1A3956D46DE8}") = "AssemblyInfo", "AssemblyInfo", "{D86F79A8-29E2-4CE7-8588-A345F1E1094B}"
	ProjectSection(SolutionItems) = preProject
		AssemblyInfo\AssemblyVersion.cs = AssemblyInfo\AssemblyVersion.cs
	EndProjectSection
EndProject
Project("{2150E333-8FDC-42A3-9474-1A3956D46DE8}") = ".nuget", ".nuget", "{55D38652-0370-4866-B068-68417A417183}"
	ProjectSection(SolutionItems) = preProject
		.nuget\NuGet.Config = .nuget\NuGet.Config
		.nuget\NuGet.exe = .nuget\NuGet.exe
		.nuget\NuGet.targets = .nuget\NuGet.targets
	EndProjectSection
EndProject
Project("{2150E333-8FDC-42A3-9474-1A3956D46DE8}") = "Core", "Core", "{3CA4ACFA-DC95-4E6F-9E8E-37B3B3D2EFAB}"
EndProject
Project("{2150E333-8FDC-42A3-9474-1A3956D46DE8}") = "CQRS", "CQRS", "{18EB07EF-EC82-4D72-8126-1257A0BCD60D}"
EndProject
Project("{2150E333-8FDC-42A3-9474-1A3956D46DE8}") = "Command", "Command", "{AD7F3A82-9319-478D-8ABC-382A29CF62BE}"
EndProject
Project("{2150E333-8FDC-42A3-9474-1A3956D46DE8}") = "Query", "Query", "{05361E7F-C31E-4E4C-B4D0-AEECD4156904}"
EndProject
Project("{2150E333-8FDC-42A3-9474-1A3956D46DE8}") = "Event", "Event", "{4836349A-61F4-453A-94AD-73AB6C4B63EE}"
EndProject
Project("{FAE04EC0-301F-11D3-BF4B-00C04F79EFBC}") = "bgle.core", "Core\bgle.core\bgle.core.csproj", "{74DFB791-DBA6-43A7-BC27-4813E01DC077}"
EndProject
Project("{FAE04EC0-301F-11D3-BF4B-00C04F79EFBC}") = "bgle.Extensions", "Core\bgle.Extensions\bgle.Extensions.csproj", "{30790F1E-CE43-44B8-A127-1BA85611184C}"
EndProject
Project("{FAE04EC0-301F-11D3-BF4B-00C04F79EFBC}") = "bgle.CQRS.Command", "CQRS\Command\bgle.CQRS.Command\bgle.CQRS.Command.csproj", "{6422348F-7583-42EA-8D8E-EC66A29E7440}"
EndProject
Global
	GlobalSection(SolutionConfigurationPlatforms) = preSolution
		Debug|Any CPU = Debug|Any CPU
		Release|Any CPU = Release|Any CPU
	EndGlobalSection
	GlobalSection(ProjectConfigurationPlatforms) = postSolution
		{74DFB791-DBA6-43A7-BC27-4813E01DC077}.Debug|Any CPU.ActiveCfg = Debug|Any CPU
		{74DFB791-DBA6-43A7-BC27-4813E01DC077}.Debug|Any CPU.Build.0 = Debug|Any CPU
		{74DFB791-DBA6-43A7-BC27-4813E01DC077}.Release|Any CPU.ActiveCfg = Release|Any CPU
		{74DFB791-DBA6-43A7-BC27-4813E01DC077}.Release|Any CPU.Build.0 = Release|Any CPU
		{30790F1E-CE43-44B8-A127-1BA85611184C}.Debug|Any CPU.ActiveCfg = Debug|Any CPU
		{30790F1E-CE43-44B8-A127-1BA85611184C}.Debug|Any CPU.Build.0 = Debug|Any CPU
		{30790F1E-CE43-44B8-A127-1BA85611184C}.Release|Any CPU.ActiveCfg = Release|Any CPU
		{30790F1E-CE43-44B8-A127-1BA85611184C}.Release|Any CPU.Build.0 = Release|Any CPU
		{6422348F-7583-42EA-8D8E-EC66A29E7440}.Debug|Any CPU.ActiveCfg = Debug|Any CPU
		{6422348F-7583-42EA-8D8E-EC66A29E7440}.Debug|Any CPU.Build.0 = Debug|Any CPU
		{6422348F-7583-42EA-8D8E-EC66A29E7440}.Release|Any CPU.ActiveCfg = Release|Any CPU
		{6422348F-7583-42EA-8D8E-EC66A29E7440}.Release|Any CPU.Build.0 = Release|Any CPU
	EndGlobalSection
	GlobalSection(SolutionProperties) = preSolution
		HideSolutionNode = FALSE
	EndGlobalSection
	GlobalSection(NestedProjects) = preSolution
		{AD7F3A82-9319-478D-8ABC-382A29CF62BE} = {18EB07EF-EC82-4D72-8126-1257A0BCD60D}
		{05361E7F-C31E-4E4C-B4D0-AEECD4156904} = {18EB07EF-EC82-4D72-8126-1257A0BCD60D}
		{4836349A-61F4-453A-94AD-73AB6C4B63EE} = {18EB07EF-EC82-4D72-8126-1257A0BCD60D}
		{74DFB791-DBA6-43A7-BC27-4813E01DC077} = {3CA4ACFA-DC95-4E6F-9E8E-37B3B3D2EFAB}
		{30790F1E-CE43-44B8-A127-1BA85611184C} = {3CA4ACFA-DC95-4E6F-9E8E-37B3B3D2EFAB}
		{6422348F-7583-42EA-8D8E-EC66A29E7440} = {AD7F3A82-9319-478D-8ABC-382A29CF62BE}
	EndGlobalSection
EndGlobal
