
Microsoft Visual Studio Solution File, Format Version 12.00
# Visual Studio 2013
VisualStudioVersion = 12.0.31101.0
MinimumVisualStudioVersion = 10.0.40219.1
Project("{2150E333-8FDC-42A3-9474-1A3956D46DE8}") = "AssemblyInfo", "AssemblyInfo", "{D86F79A8-29E2-4CE7-8588-A345F1E1094B}"
	ProjectSection(SolutionItems) = preProject
		AssemblyInfo\AssemblyVersion.cs = AssemblyInfo\AssemblyVersion.cs
	EndProjectSection
EndProject
Project("{2150E333-8FDC-42A3-9474-1A3956D46DE8}") = ".nuget", ".nuget", "{55D38652-0370-4866-B068-68417A417183}"
	ProjectSection(SolutionItems) = preProject
		.nuget\NuGet.Config = .nuget\NuGet.Config
		.nuget\NuGet.exe = .nuget\NuGet.exe
		.nuget\NuGet.targets = .nuget\NuGet.targets
	EndProjectSection
EndProject
Project("{2150E333-8FDC-42A3-9474-1A3956D46DE8}") = "Core", "Core", "{3CA4ACFA-DC95-4E6F-9E8E-37B3B3D2EFAB}"
EndProject
Project("{2150E333-8FDC-42A3-9474-1A3956D46DE8}") = "CQRS", "CQRS", "{18EB07EF-EC82-4D72-8126-1257A0BCD60D}"
EndProject
Project("{2150E333-8FDC-42A3-9474-1A3956D46DE8}") = "Command", "Command", "{AD7F3A82-9319-478D-8ABC-382A29CF62BE}"
EndProject
Project("{2150E333-8FDC-42A3-9474-1A3956D46DE8}") = "Query", "Query", "{05361E7F-C31E-4E4C-B4D0-AEECD4156904}"
EndProject
Project("{2150E333-8FDC-42A3-9474-1A3956D46DE8}") = "Event", "Event", "{4836349A-61F4-453A-94AD-73AB6C4B63EE}"
EndProject
Project("{FAE04EC0-301F-11D3-BF4B-00C04F79EFBC}") = "bgle.core", "Core\bgle.core\bgle.core.csproj", "{74DFB791-DBA6-43A7-BC27-4813E01DC077}"
EndProject
Project("{FAE04EC0-301F-11D3-BF4B-00C04F79EFBC}") = "bgle.Extensions", "Core\bgle.Extensions\bgle.Extensions.csproj", "{30790F1E-CE43-44B8-A127-1BA85611184C}"
EndProject
Project("{FAE04EC0-301F-11D3-BF4B-00C04F79EFBC}") = "bgle.CQRS.Command", "CQRS\Command\bgle.CQRS.Command\bgle.CQRS.Command.csproj", "{6422348F-7583-42EA-8D8E-EC66A29E7440}"
EndProject
Project("{FAE04EC0-301F-11D3-BF4B-00C04F79EFBC}") = "bgle.CQRS.CommandValidationHandler", "CQRS\Command\bgle.CQRS.CommandValidationHandler\bgle.CQRS.CommandValidationHandler.csproj", "{157A784F-7B8C-456B-BAD1-F3CDA80A3EC8}"
EndProject
Project("{FAE04EC0-301F-11D3-BF4B-00C04F79EFBC}") = "bgle.CQRS.CommandValidation", "CQRS\Command\bgle.CQRS.CommandValidation\bgle.CQRS.CommandValidation.csproj", "{3490CA4A-26F1-4969-A45F-D4BC2AF47CF3}"
EndProject
Project("{FAE04EC0-301F-11D3-BF4B-00C04F79EFBC}") = "bgle.CQRS.CommandHandler", "CQRS\Command\bgle.CQRS.CommandHandler\bgle.CQRS.CommandHandler.csproj", "{22B4587F-736E-47AE-AB02-DE9949467C21}"
EndProject
Project("{FAE04EC0-301F-11D3-BF4B-00C04F79EFBC}") = "bgle.CQRS.Event", "CQRS\Event\bgle.CQRS.Event\bgle.CQRS.Event.csproj", "{63A27E75-338E-4442-8B34-372A4294CECC}"
EndProject
Project("{2150E333-8FDC-42A3-9474-1A3956D46DE8}") = "Util", "Util", "{73E8FD1A-F062-4822-B4FA-F0DCA64C8E75}"
EndProject
Project("{FAE04EC0-301F-11D3-BF4B-00C04F79EFBC}") = "bgle.CQRS.CastleWindsor", "CQRS\Util\bgle.CQRS.CastleWindsor\bgle.CQRS.CastleWindsor.csproj", "{A5F09AD8-259D-4F13-A226-56BD281F02D1}"
EndProject
Project("{FAE04EC0-301F-11D3-BF4B-00C04F79EFBC}") = "bgle.CQRS.EventHandler", "CQRS\Event\bgle.CQRS.EventHandler\bgle.CQRS.EventHandler.csproj", "{7D674D15-C24F-49F0-8EA6-FE7C9FA38D65}"
EndProject
Project("{FAE04EC0-301F-11D3-BF4B-00C04F79EFBC}") = "bgle.CQRS.EventStore", "CQRS\Event\bgle.CQRS.EventStore\bgle.CQRS.EventStore.csproj", "{374799DB-FFB7-4F76-928F-4750EBB5A85B}"
EndProject
Project("{FAE04EC0-301F-11D3-BF4B-00C04F79EFBC}") = "bgle.CQRS.CommandDispatcher", "CQRS\Command\bgle.CQRS.CommandDispatcher\bgle.CQRS.CommandDispatcher.csproj", "{E129EDC4-D3DE-411E-B62F-AB18CBEF1993}"
EndProject
Project("{FAE04EC0-301F-11D3-BF4B-00C04F79EFBC}") = "bgle.CQRS.Query", "CQRS\Query\bgle.CQRS.Query\bgle.CQRS.Query.csproj", "{FFE1622C-AD73-4E87-AFEF-3643F1D344C0}"
EndProject
Project("{FAE04EC0-301F-11D3-BF4B-00C04F79EFBC}") = "bgle.CQRS.QueryDispatcher", "CQRS\Query\bgle.CQRS.QueryDispatcher\bgle.CQRS.QueryDispatcher.csproj", "{4B6A4DE4-7EA5-48D7-BA33-B35E9C0D587F}"
EndProject
Project("{FAE04EC0-301F-11D3-BF4B-00C04F79EFBC}") = "bgle.CQRS.QueryHandler", "CQRS\Query\bgle.CQRS.QueryHandler\bgle.CQRS.QueryHandler.csproj", "{A6960244-D848-4120-A60B-8E68FDEBCB80}"
EndProject
Project("{FAE04EC0-301F-11D3-BF4B-00C04F79EFBC}") = "bgle.CQRS.QueryResult", "CQRS\Query\bgle.CQRS.QueryResult\bgle.CQRS.QueryResult.csproj", "{38348FB3-B096-4744-BB26-A08879826BB3}"
EndProject
Project("{FAE04EC0-301F-11D3-BF4B-00C04F79EFBC}") = "bgle.CQRS.QuerySpecificationBuilder", "CQRS\Query\bgle.CQRS.QuerySpecificationBuilder\bgle.CQRS.QuerySpecificationBuilder.csproj", "{8E5AFABC-2266-4A21-B36D-DB01D8FAFD98}"
EndProject
Project("{FAE04EC0-301F-11D3-BF4B-00C04F79EFBC}") = "bgle.CQRS.QueryResultBuilder", "CQRS\Query\bgle.CQRS.QueryResultBuilder\bgle.CQRS.QueryResultBuilder.csproj", "{37D8CF2C-1868-42F2-859A-A26347EBC4E2}"
EndProject
Project("{FAE04EC0-301F-11D3-BF4B-00C04F79EFBC}") = "bgle.EntityFramework", "Core\bgle.EntityFramework\bgle.EntityFramework.csproj", "{84ADBFFB-AFB1-4E26-9732-6B699D4B3EE7}"
EndProject
Project("{FAE04EC0-301F-11D3-BF4B-00C04F79EFBC}") = "bgle.CastleWindsor", "Core\bgle.CastleWindsor\bgle.CastleWindsor.csproj", "{050AF027-BD7D-4CD0-9E93-097584047AB1}"
EndProject
Project("{2150E333-8FDC-42A3-9474-1A3956D46DE8}") = "Graph", "Graph", "{AAB6FEED-5331-441C-9A67-329A493331E2}"
EndProject
Project("{FAE04EC0-301F-11D3-BF4B-00C04F79EFBC}") = "bgle.Graph.Rexpro", "Graph\bgle.Graph.Rexpro\bgle.Graph.Rexpro.csproj", "{4186BE00-53EE-4681-B194-70F141B1B379}"
EndProject
Global
	GlobalSection(SolutionConfigurationPlatforms) = preSolution
		Debug|Any CPU = Debug|Any CPU
		Release|Any CPU = Release|Any CPU
	EndGlobalSection
	GlobalSection(ProjectConfigurationPlatforms) = postSolution
		{74DFB791-DBA6-43A7-BC27-4813E01DC077}.Debug|Any CPU.ActiveCfg = Debug|Any CPU
		{74DFB791-DBA6-43A7-BC27-4813E01DC077}.Debug|Any CPU.Build.0 = Debug|Any CPU
		{74DFB791-DBA6-43A7-BC27-4813E01DC077}.Release|Any CPU.ActiveCfg = Release|Any CPU
		{74DFB791-DBA6-43A7-BC27-4813E01DC077}.Release|Any CPU.Build.0 = Release|Any CPU
		{30790F1E-CE43-44B8-A127-1BA85611184C}.Debug|Any CPU.ActiveCfg = Debug|Any CPU
		{30790F1E-CE43-44B8-A127-1BA85611184C}.Debug|Any CPU.Build.0 = Debug|Any CPU
		{30790F1E-CE43-44B8-A127-1BA85611184C}.Release|Any CPU.ActiveCfg = Release|Any CPU
		{30790F1E-CE43-44B8-A127-1BA85611184C}.Release|Any CPU.Build.0 = Release|Any CPU
		{6422348F-7583-42EA-8D8E-EC66A29E7440}.Debug|Any CPU.ActiveCfg = Debug|Any CPU
		{6422348F-7583-42EA-8D8E-EC66A29E7440}.Debug|Any CPU.Build.0 = Debug|Any CPU
		{6422348F-7583-42EA-8D8E-EC66A29E7440}.Release|Any CPU.ActiveCfg = Release|Any CPU
		{6422348F-7583-42EA-8D8E-EC66A29E7440}.Release|Any CPU.Build.0 = Release|Any CPU
		{157A784F-7B8C-456B-BAD1-F3CDA80A3EC8}.Debug|Any CPU.ActiveCfg = Debug|Any CPU
		{157A784F-7B8C-456B-BAD1-F3CDA80A3EC8}.Debug|Any CPU.Build.0 = Debug|Any CPU
		{157A784F-7B8C-456B-BAD1-F3CDA80A3EC8}.Release|Any CPU.ActiveCfg = Release|Any CPU
		{157A784F-7B8C-456B-BAD1-F3CDA80A3EC8}.Release|Any CPU.Build.0 = Release|Any CPU
		{3490CA4A-26F1-4969-A45F-D4BC2AF47CF3}.Debug|Any CPU.ActiveCfg = Debug|Any CPU
		{3490CA4A-26F1-4969-A45F-D4BC2AF47CF3}.Debug|Any CPU.Build.0 = Debug|Any CPU
		{3490CA4A-26F1-4969-A45F-D4BC2AF47CF3}.Release|Any CPU.ActiveCfg = Release|Any CPU
		{3490CA4A-26F1-4969-A45F-D4BC2AF47CF3}.Release|Any CPU.Build.0 = Release|Any CPU
		{22B4587F-736E-47AE-AB02-DE9949467C21}.Debug|Any CPU.ActiveCfg = Debug|Any CPU
		{22B4587F-736E-47AE-AB02-DE9949467C21}.Debug|Any CPU.Build.0 = Debug|Any CPU
		{22B4587F-736E-47AE-AB02-DE9949467C21}.Release|Any CPU.ActiveCfg = Release|Any CPU
		{22B4587F-736E-47AE-AB02-DE9949467C21}.Release|Any CPU.Build.0 = Release|Any CPU
		{63A27E75-338E-4442-8B34-372A4294CECC}.Debug|Any CPU.ActiveCfg = Debug|Any CPU
		{63A27E75-338E-4442-8B34-372A4294CECC}.Debug|Any CPU.Build.0 = Debug|Any CPU
		{63A27E75-338E-4442-8B34-372A4294CECC}.Release|Any CPU.ActiveCfg = Release|Any CPU
		{63A27E75-338E-4442-8B34-372A4294CECC}.Release|Any CPU.Build.0 = Release|Any CPU
		{A5F09AD8-259D-4F13-A226-56BD281F02D1}.Debug|Any CPU.ActiveCfg = Debug|Any CPU
		{A5F09AD8-259D-4F13-A226-56BD281F02D1}.Debug|Any CPU.Build.0 = Debug|Any CPU
		{A5F09AD8-259D-4F13-A226-56BD281F02D1}.Release|Any CPU.ActiveCfg = Release|Any CPU
		{A5F09AD8-259D-4F13-A226-56BD281F02D1}.Release|Any CPU.Build.0 = Release|Any CPU
		{7D674D15-C24F-49F0-8EA6-FE7C9FA38D65}.Debug|Any CPU.ActiveCfg = Debug|Any CPU
		{7D674D15-C24F-49F0-8EA6-FE7C9FA38D65}.Debug|Any CPU.Build.0 = Debug|Any CPU
		{7D674D15-C24F-49F0-8EA6-FE7C9FA38D65}.Release|Any CPU.ActiveCfg = Release|Any CPU
		{7D674D15-C24F-49F0-8EA6-FE7C9FA38D65}.Release|Any CPU.Build.0 = Release|Any CPU
		{374799DB-FFB7-4F76-928F-4750EBB5A85B}.Debug|Any CPU.ActiveCfg = Debug|Any CPU
		{374799DB-FFB7-4F76-928F-4750EBB5A85B}.Debug|Any CPU.Build.0 = Debug|Any CPU
		{374799DB-FFB7-4F76-928F-4750EBB5A85B}.Release|Any CPU.ActiveCfg = Release|Any CPU
		{374799DB-FFB7-4F76-928F-4750EBB5A85B}.Release|Any CPU.Build.0 = Release|Any CPU
		{E129EDC4-D3DE-411E-B62F-AB18CBEF1993}.Debug|Any CPU.ActiveCfg = Debug|Any CPU
		{E129EDC4-D3DE-411E-B62F-AB18CBEF1993}.Debug|Any CPU.Build.0 = Debug|Any CPU
		{E129EDC4-D3DE-411E-B62F-AB18CBEF1993}.Release|Any CPU.ActiveCfg = Release|Any CPU
		{E129EDC4-D3DE-411E-B62F-AB18CBEF1993}.Release|Any CPU.Build.0 = Release|Any CPU
		{FFE1622C-AD73-4E87-AFEF-3643F1D344C0}.Debug|Any CPU.ActiveCfg = Debug|Any CPU
		{FFE1622C-AD73-4E87-AFEF-3643F1D344C0}.Debug|Any CPU.Build.0 = Debug|Any CPU
		{FFE1622C-AD73-4E87-AFEF-3643F1D344C0}.Release|Any CPU.ActiveCfg = Release|Any CPU
		{FFE1622C-AD73-4E87-AFEF-3643F1D344C0}.Release|Any CPU.Build.0 = Release|Any CPU
		{4B6A4DE4-7EA5-48D7-BA33-B35E9C0D587F}.Debug|Any CPU.ActiveCfg = Debug|Any CPU
		{4B6A4DE4-7EA5-48D7-BA33-B35E9C0D587F}.Debug|Any CPU.Build.0 = Debug|Any CPU
		{4B6A4DE4-7EA5-48D7-BA33-B35E9C0D587F}.Release|Any CPU.ActiveCfg = Release|Any CPU
		{4B6A4DE4-7EA5-48D7-BA33-B35E9C0D587F}.Release|Any CPU.Build.0 = Release|Any CPU
		{A6960244-D848-4120-A60B-8E68FDEBCB80}.Debug|Any CPU.ActiveCfg = Debug|Any CPU
		{A6960244-D848-4120-A60B-8E68FDEBCB80}.Debug|Any CPU.Build.0 = Debug|Any CPU
		{A6960244-D848-4120-A60B-8E68FDEBCB80}.Release|Any CPU.ActiveCfg = Release|Any CPU
		{A6960244-D848-4120-A60B-8E68FDEBCB80}.Release|Any CPU.Build.0 = Release|Any CPU
		{38348FB3-B096-4744-BB26-A08879826BB3}.Debug|Any CPU.ActiveCfg = Debug|Any CPU
		{38348FB3-B096-4744-BB26-A08879826BB3}.Debug|Any CPU.Build.0 = Debug|Any CPU
		{38348FB3-B096-4744-BB26-A08879826BB3}.Release|Any CPU.ActiveCfg = Release|Any CPU
		{38348FB3-B096-4744-BB26-A08879826BB3}.Release|Any CPU.Build.0 = Release|Any CPU
		{8E5AFABC-2266-4A21-B36D-DB01D8FAFD98}.Debug|Any CPU.ActiveCfg = Debug|Any CPU
		{8E5AFABC-2266-4A21-B36D-DB01D8FAFD98}.Debug|Any CPU.Build.0 = Debug|Any CPU
		{8E5AFABC-2266-4A21-B36D-DB01D8FAFD98}.Release|Any CPU.ActiveCfg = Release|Any CPU
		{8E5AFABC-2266-4A21-B36D-DB01D8FAFD98}.Release|Any CPU.Build.0 = Release|Any CPU
		{37D8CF2C-1868-42F2-859A-A26347EBC4E2}.Debug|Any CPU.ActiveCfg = Debug|Any CPU
		{37D8CF2C-1868-42F2-859A-A26347EBC4E2}.Debug|Any CPU.Build.0 = Debug|Any CPU
		{37D8CF2C-1868-42F2-859A-A26347EBC4E2}.Release|Any CPU.ActiveCfg = Release|Any CPU
		{37D8CF2C-1868-42F2-859A-A26347EBC4E2}.Release|Any CPU.Build.0 = Release|Any CPU
		{84ADBFFB-AFB1-4E26-9732-6B699D4B3EE7}.Debug|Any CPU.ActiveCfg = Debug|Any CPU
		{84ADBFFB-AFB1-4E26-9732-6B699D4B3EE7}.Debug|Any CPU.Build.0 = Debug|Any CPU
		{84ADBFFB-AFB1-4E26-9732-6B699D4B3EE7}.Release|Any CPU.ActiveCfg = Release|Any CPU
		{84ADBFFB-AFB1-4E26-9732-6B699D4B3EE7}.Release|Any CPU.Build.0 = Release|Any CPU
		{050AF027-BD7D-4CD0-9E93-097584047AB1}.Debug|Any CPU.ActiveCfg = Debug|Any CPU
		{050AF027-BD7D-4CD0-9E93-097584047AB1}.Debug|Any CPU.Build.0 = Debug|Any CPU
		{050AF027-BD7D-4CD0-9E93-097584047AB1}.Release|Any CPU.ActiveCfg = Release|Any CPU
		{050AF027-BD7D-4CD0-9E93-097584047AB1}.Release|Any CPU.Build.0 = Release|Any CPU
		{4186BE00-53EE-4681-B194-70F141B1B379}.Debug|Any CPU.ActiveCfg = Debug|Any CPU
		{4186BE00-53EE-4681-B194-70F141B1B379}.Debug|Any CPU.Build.0 = Debug|Any CPU
		{4186BE00-53EE-4681-B194-70F141B1B379}.Release|Any CPU.ActiveCfg = Release|Any CPU
		{4186BE00-53EE-4681-B194-70F141B1B379}.Release|Any CPU.Build.0 = Release|Any CPU
	EndGlobalSection
	GlobalSection(SolutionProperties) = preSolution
		HideSolutionNode = FALSE
	EndGlobalSection
	GlobalSection(NestedProjects) = preSolution
		{AD7F3A82-9319-478D-8ABC-382A29CF62BE} = {18EB07EF-EC82-4D72-8126-1257A0BCD60D}
		{05361E7F-C31E-4E4C-B4D0-AEECD4156904} = {18EB07EF-EC82-4D72-8126-1257A0BCD60D}
		{4836349A-61F4-453A-94AD-73AB6C4B63EE} = {18EB07EF-EC82-4D72-8126-1257A0BCD60D}
		{74DFB791-DBA6-43A7-BC27-4813E01DC077} = {3CA4ACFA-DC95-4E6F-9E8E-37B3B3D2EFAB}
		{30790F1E-CE43-44B8-A127-1BA85611184C} = {3CA4ACFA-DC95-4E6F-9E8E-37B3B3D2EFAB}
		{6422348F-7583-42EA-8D8E-EC66A29E7440} = {AD7F3A82-9319-478D-8ABC-382A29CF62BE}
		{157A784F-7B8C-456B-BAD1-F3CDA80A3EC8} = {AD7F3A82-9319-478D-8ABC-382A29CF62BE}
		{3490CA4A-26F1-4969-A45F-D4BC2AF47CF3} = {AD7F3A82-9319-478D-8ABC-382A29CF62BE}
		{22B4587F-736E-47AE-AB02-DE9949467C21} = {AD7F3A82-9319-478D-8ABC-382A29CF62BE}
		{63A27E75-338E-4442-8B34-372A4294CECC} = {4836349A-61F4-453A-94AD-73AB6C4B63EE}
		{73E8FD1A-F062-4822-B4FA-F0DCA64C8E75} = {18EB07EF-EC82-4D72-8126-1257A0BCD60D}
		{A5F09AD8-259D-4F13-A226-56BD281F02D1} = {73E8FD1A-F062-4822-B4FA-F0DCA64C8E75}
		{7D674D15-C24F-49F0-8EA6-FE7C9FA38D65} = {4836349A-61F4-453A-94AD-73AB6C4B63EE}
		{374799DB-FFB7-4F76-928F-4750EBB5A85B} = {4836349A-61F4-453A-94AD-73AB6C4B63EE}
		{E129EDC4-D3DE-411E-B62F-AB18CBEF1993} = {AD7F3A82-9319-478D-8ABC-382A29CF62BE}
		{FFE1622C-AD73-4E87-AFEF-3643F1D344C0} = {05361E7F-C31E-4E4C-B4D0-AEECD4156904}
		{4B6A4DE4-7EA5-48D7-BA33-B35E9C0D587F} = {05361E7F-C31E-4E4C-B4D0-AEECD4156904}
		{A6960244-D848-4120-A60B-8E68FDEBCB80} = {05361E7F-C31E-4E4C-B4D0-AEECD4156904}
		{38348FB3-B096-4744-BB26-A08879826BB3} = {05361E7F-C31E-4E4C-B4D0-AEECD4156904}
		{8E5AFABC-2266-4A21-B36D-DB01D8FAFD98} = {05361E7F-C31E-4E4C-B4D0-AEECD4156904}
		{37D8CF2C-1868-42F2-859A-A26347EBC4E2} = {05361E7F-C31E-4E4C-B4D0-AEECD4156904}
		{84ADBFFB-AFB1-4E26-9732-6B699D4B3EE7} = {3CA4ACFA-DC95-4E6F-9E8E-37B3B3D2EFAB}
		{050AF027-BD7D-4CD0-9E93-097584047AB1} = {3CA4ACFA-DC95-4E6F-9E8E-37B3B3D2EFAB}
		{4186BE00-53EE-4681-B194-70F141B1B379} = {AAB6FEED-5331-441C-9A67-329A493331E2}
	EndGlobalSection
EndGlobal
